
Microsoft Visual Studio Solution File, Format Version 12.00
# Visual Studio 15
VisualStudioVersion = 15.0.26124.0
MinimumVisualStudioVersion = 15.0.26124.0
Project("{FAE04EC0-301F-11D3-BF4B-00C04F79EFBC}") = "ExampleService", "ExampleService\ExampleService.csproj", "{44469872-8578-49F5-AA38-000930FBDC0F}"
EndProject
Project("{FAE04EC0-301F-11D3-BF4B-00C04F79EFBC}") = "ExampleService.Tests", "ExampleService.Tests\ExampleService.Tests.csproj", "{C251CD7B-2B83-4880-A65B-E23798A830C5}"
EndProject
Project("{FAE04EC0-301F-11D3-BF4B-00C04F79EFBC}") = "ExampleDao", "ExampleDao\ExampleDao.csproj", "{EB264440-EAFB-4DBE-A43D-676D49B9C003}"
EndProject
Project("{FAE04EC0-301F-11D3-BF4B-00C04F79EFBC}") = "Models", "Models\Models.csproj", "{86F0AE37-B974-4967-9BA8-BAD166B53BC4}"
EndProject
Project("{FAE04EC0-301F-11D3-BF4B-00C04F79EFBC}") = "ExampleDaoTest", "ExampleDaoTest\ExampleDaoTest.csproj", "{660B2BBC-6D36-4F6C-A483-AABA47D9E753}"
EndProject
Global
	GlobalSection(SolutionConfigurationPlatforms) = preSolution
		Debug|Any CPU = Debug|Any CPU
		Debug|x64 = Debug|x64
		Debug|x86 = Debug|x86
		Release|Any CPU = Release|Any CPU
		Release|x64 = Release|x64
		Release|x86 = Release|x86
	EndGlobalSection
	GlobalSection(SolutionProperties) = preSolution
		HideSolutionNode = FALSE
	EndGlobalSection
	GlobalSection(ProjectConfigurationPlatforms) = postSolution
		{44469872-8578-49F5-AA38-000930FBDC0F}.Debug|Any CPU.ActiveCfg = Debug|Any CPU
		{44469872-8578-49F5-AA38-000930FBDC0F}.Debug|Any CPU.Build.0 = Debug|Any CPU
		{44469872-8578-49F5-AA38-000930FBDC0F}.Debug|x64.ActiveCfg = Debug|x64
		{44469872-8578-49F5-AA38-000930FBDC0F}.Debug|x64.Build.0 = Debug|x64
		{44469872-8578-49F5-AA38-000930FBDC0F}.Debug|x86.ActiveCfg = Debug|x86
		{44469872-8578-49F5-AA38-000930FBDC0F}.Debug|x86.Build.0 = Debug|x86
		{44469872-8578-49F5-AA38-000930FBDC0F}.Release|Any CPU.ActiveCfg = Release|Any CPU
		{44469872-8578-49F5-AA38-000930FBDC0F}.Release|Any CPU.Build.0 = Release|Any CPU
		{44469872-8578-49F5-AA38-000930FBDC0F}.Release|x64.ActiveCfg = Release|x64
		{44469872-8578-49F5-AA38-000930FBDC0F}.Release|x64.Build.0 = Release|x64
		{44469872-8578-49F5-AA38-000930FBDC0F}.Release|x86.ActiveCfg = Release|x86
		{44469872-8578-49F5-AA38-000930FBDC0F}.Release|x86.Build.0 = Release|x86
		{C251CD7B-2B83-4880-A65B-E23798A830C5}.Debug|Any CPU.ActiveCfg = Debug|Any CPU
		{C251CD7B-2B83-4880-A65B-E23798A830C5}.Debug|Any CPU.Build.0 = Debug|Any CPU
		{C251CD7B-2B83-4880-A65B-E23798A830C5}.Debug|x64.ActiveCfg = Debug|x64
		{C251CD7B-2B83-4880-A65B-E23798A830C5}.Debug|x64.Build.0 = Debug|x64
		{C251CD7B-2B83-4880-A65B-E23798A830C5}.Debug|x86.ActiveCfg = Debug|x86
		{C251CD7B-2B83-4880-A65B-E23798A830C5}.Debug|x86.Build.0 = Debug|x86
		{C251CD7B-2B83-4880-A65B-E23798A830C5}.Release|Any CPU.ActiveCfg = Release|Any CPU
		{C251CD7B-2B83-4880-A65B-E23798A830C5}.Release|Any CPU.Build.0 = Release|Any CPU
		{C251CD7B-2B83-4880-A65B-E23798A830C5}.Release|x64.ActiveCfg = Release|x64
		{C251CD7B-2B83-4880-A65B-E23798A830C5}.Release|x64.Build.0 = Release|x64
		{C251CD7B-2B83-4880-A65B-E23798A830C5}.Release|x86.ActiveCfg = Release|x86
		{C251CD7B-2B83-4880-A65B-E23798A830C5}.Release|x86.Build.0 = Release|x86
		{EB264440-EAFB-4DBE-A43D-676D49B9C003}.Debug|Any CPU.ActiveCfg = Debug|Any CPU
		{EB264440-EAFB-4DBE-A43D-676D49B9C003}.Debug|Any CPU.Build.0 = Debug|Any CPU
		{EB264440-EAFB-4DBE-A43D-676D49B9C003}.Debug|x64.ActiveCfg = Debug|Any CPU
		{EB264440-EAFB-4DBE-A43D-676D49B9C003}.Debug|x64.Build.0 = Debug|Any CPU
		{EB264440-EAFB-4DBE-A43D-676D49B9C003}.Debug|x86.ActiveCfg = Debug|Any CPU
		{EB264440-EAFB-4DBE-A43D-676D49B9C003}.Debug|x86.Build.0 = Debug|Any CPU
		{EB264440-EAFB-4DBE-A43D-676D49B9C003}.Release|Any CPU.ActiveCfg = Release|Any CPU
		{EB264440-EAFB-4DBE-A43D-676D49B9C003}.Release|Any CPU.Build.0 = Release|Any CPU
		{EB264440-EAFB-4DBE-A43D-676D49B9C003}.Release|x64.ActiveCfg = Release|Any CPU
		{EB264440-EAFB-4DBE-A43D-676D49B9C003}.Release|x64.Build.0 = Release|Any CPU
		{EB264440-EAFB-4DBE-A43D-676D49B9C003}.Release|x86.ActiveCfg = Release|Any CPU
		{EB264440-EAFB-4DBE-A43D-676D49B9C003}.Release|x86.Build.0 = Release|Any CPU
		{86F0AE37-B974-4967-9BA8-BAD166B53BC4}.Debug|Any CPU.ActiveCfg = Debug|Any CPU
		{86F0AE37-B974-4967-9BA8-BAD166B53BC4}.Debug|Any CPU.Build.0 = Debug|Any CPU
		{86F0AE37-B974-4967-9BA8-BAD166B53BC4}.Debug|x64.ActiveCfg = Debug|Any CPU
		{86F0AE37-B974-4967-9BA8-BAD166B53BC4}.Debug|x64.Build.0 = Debug|Any CPU
		{86F0AE37-B974-4967-9BA8-BAD166B53BC4}.Debug|x86.ActiveCfg = Debug|Any CPU
		{86F0AE37-B974-4967-9BA8-BAD166B53BC4}.Debug|x86.Build.0 = Debug|Any CPU
		{86F0AE37-B974-4967-9BA8-BAD166B53BC4}.Release|Any CPU.ActiveCfg = Release|Any CPU
		{86F0AE37-B974-4967-9BA8-BAD166B53BC4}.Release|Any CPU.Build.0 = Release|Any CPU
		{86F0AE37-B974-4967-9BA8-BAD166B53BC4}.Release|x64.ActiveCfg = Release|Any CPU
		{86F0AE37-B974-4967-9BA8-BAD166B53BC4}.Release|x64.Build.0 = Release|Any CPU
		{86F0AE37-B974-4967-9BA8-BAD166B53BC4}.Release|x86.ActiveCfg = Release|Any CPU
		{86F0AE37-B974-4967-9BA8-BAD166B53BC4}.Release|x86.Build.0 = Release|Any CPU
		{660B2BBC-6D36-4F6C-A483-AABA47D9E753}.Debug|Any CPU.ActiveCfg = Debug|Any CPU
		{660B2BBC-6D36-4F6C-A483-AABA47D9E753}.Debug|Any CPU.Build.0 = Debug|Any CPU
		{660B2BBC-6D36-4F6C-A483-AABA47D9E753}.Debug|x64.ActiveCfg = Debug|Any CPU
		{660B2BBC-6D36-4F6C-A483-AABA47D9E753}.Debug|x64.Build.0 = Debug|Any CPU
		{660B2BBC-6D36-4F6C-A483-AABA47D9E753}.Debug|x86.ActiveCfg = Debug|Any CPU
		{660B2BBC-6D36-4F6C-A483-AABA47D9E753}.Debug|x86.Build.0 = Debug|Any CPU
		{660B2BBC-6D36-4F6C-A483-AABA47D9E753}.Release|Any CPU.ActiveCfg = Release|Any CPU
		{660B2BBC-6D36-4F6C-A483-AABA47D9E753}.Release|Any CPU.Build.0 = Release|Any CPU
		{660B2BBC-6D36-4F6C-A483-AABA47D9E753}.Release|x64.ActiveCfg = Release|Any CPU
		{660B2BBC-6D36-4F6C-A483-AABA47D9E753}.Release|x64.Build.0 = Release|Any CPU
		{660B2BBC-6D36-4F6C-A483-AABA47D9E753}.Release|x86.ActiveCfg = Release|Any CPU
		{660B2BBC-6D36-4F6C-A483-AABA47D9E753}.Release|x86.Build.0 = Release|Any CPU
	EndGlobalSection
EndGlobal
